Microsoft Visual Studio Solution File, Format Version 12.00
# Visual Studio Version 17
VisualStudioVersion = 17.5.2.0
MinimumVisualStudioVersion = 10.0.40219.1
Project("{FAE04EC0-301F-11D3-BF4B-00C04F79EFBC}") = "Contagem10", "Contagem10.csproj", "{13DE139C-AB57-DA95-6414-08CB66019240}"
EndProject
Global
	GlobalSection(SolutionConfigurationPlatforms) = preSolution
		Debug|Any CPU = Debug|Any CPU
		Release|Any CPU = Release|Any CPU
	EndGlobalSection
	GlobalSection(ProjectConfigurationPlatforms) = postSolution
		{13DE139C-AB57-DA95-6414-08CB66019240}.Debug|Any CPU.ActiveCfg = Debug|Any CPU
		{13DE139C-AB57-DA95-6414-08CB66019240}.Debug|Any CPU.Build.0 = Debug|Any CPU
		{13DE139C-AB57-DA95-6414-08CB66019240}.Release|Any CPU.ActiveCfg = Release|Any CPU
		{13DE139C-AB57-DA95-6414-08CB66019240}.Release|Any CPU.Build.0 = Release|Any CPU
	EndGlobalSection
	GlobalSection(SolutionProperties) = preSolution
		HideSolutionNode = FALSE
	EndGlobalSection
	GlobalSection(ExtensibilityGlobals) = postSolution
		SolutionGuid = {3D518772-AC28-4E9F-950E-7CF03F7527C9}
	EndGlobalSection
EndGlobal
